
Microsoft Visual Studio Solution File, Format Version 12.00
# Visual Studio Version 17
VisualStudioVersion = 17.4.33122.133
MinimumVisualStudioVersion = 10.0.40219.1
Project("{8BC9CEB8-8B4A-11D0-8D11-00A0C91BC942}") = "RetroRasterLib", "RetroRasterLib\RetroRasterLib.vcxproj", "{D4A60BB3-0273-4FB5-8784-2BDA853F4DF1}"
EndProject
Project("{8BC9CEB8-8B4A-11D0-8D11-00A0C91BC942}") = "RRTestLog", "RRTestLog\RRTestLog.vcxproj", "{602B53E6-FB46-4E24-BF8F-32CCEA8DDA18}"
EndProject
Project("{8BC9CEB8-8B4A-11D0-8D11-00A0C91BC942}") = "RRTestWindow", "RRTestWindow\RRTestWindow.vcxproj", "{A7F0C9BA-292E-47D7-96EA-123AD9FADCEC}"
EndProject
Project("{8BC9CEB8-8B4A-11D0-8D11-00A0C91BC942}") = "RRTestGraphics", "RRTestGraphics\RRTestGraphics.vcxproj", "{06AAB232-9EC7-41FC-A8B8-6FCC12F4E959}"
EndProject
Global
	GlobalSection(SolutionConfigurationPlatforms) = preSolution
		Debug|x64 = Debug|x64
		Debug|x86 = Debug|x86
		Dynamic|x64 = Dynamic|x64
		Dynamic|x86 = Dynamic|x86
		Release|x64 = Release|x64
		Release|x86 = Release|x86
		Static|x64 = Static|x64
		Static|x86 = Static|x86
	EndGlobalSection
	GlobalSection(ProjectConfigurationPlatforms) = postSolution
		{D4A60BB3-0273-4FB5-8784-2BDA853F4DF1}.Debug|x64.ActiveCfg = Dynamic|x64
		{D4A60BB3-0273-4FB5-8784-2BDA853F4DF1}.Debug|x86.ActiveCfg = Dynamic|Win32
		{D4A60BB3-0273-4FB5-8784-2BDA853F4DF1}.Dynamic|x64.ActiveCfg = Static|x64
		{D4A60BB3-0273-4FB5-8784-2BDA853F4DF1}.Dynamic|x64.Build.0 = Static|x64
		{D4A60BB3-0273-4FB5-8784-2BDA853F4DF1}.Dynamic|x86.ActiveCfg = Dynamic|Win32
		{D4A60BB3-0273-4FB5-8784-2BDA853F4DF1}.Dynamic|x86.Build.0 = Dynamic|Win32
		{D4A60BB3-0273-4FB5-8784-2BDA853F4DF1}.Release|x64.ActiveCfg = Static|x64
		{D4A60BB3-0273-4FB5-8784-2BDA853F4DF1}.Release|x86.ActiveCfg = Static|Win32
		{D4A60BB3-0273-4FB5-8784-2BDA853F4DF1}.Static|x64.ActiveCfg = Static|x64
		{D4A60BB3-0273-4FB5-8784-2BDA853F4DF1}.Static|x64.Build.0 = Static|x64
		{D4A60BB3-0273-4FB5-8784-2BDA853F4DF1}.Static|x86.ActiveCfg = Static|Win32
		{D4A60BB3-0273-4FB5-8784-2BDA853F4DF1}.Static|x86.Build.0 = Static|Win32
		{602B53E6-FB46-4E24-BF8F-32CCEA8DDA18}.Debug|x64.ActiveCfg = Debug|x64
		{602B53E6-FB46-4E24-BF8F-32CCEA8DDA18}.Debug|x64.Build.0 = Debug|x64
		{602B53E6-FB46-4E24-BF8F-32CCEA8DDA18}.Debug|x86.ActiveCfg = Debug|Win32
		{602B53E6-FB46-4E24-BF8F-32CCEA8DDA18}.Debug|x86.Build.0 = Debug|Win32
		{602B53E6-FB46-4E24-BF8F-32CCEA8DDA18}.Dynamic|x64.ActiveCfg = Debug|x64
		{602B53E6-FB46-4E24-BF8F-32CCEA8DDA18}.Dynamic|x64.Build.0 = Debug|x64
		{602B53E6-FB46-4E24-BF8F-32CCEA8DDA18}.Dynamic|x86.ActiveCfg = Debug|Win32
		{602B53E6-FB46-4E24-BF8F-32CCEA8DDA18}.Dynamic|x86.Build.0 = Debug|Win32
		{602B53E6-FB46-4E24-BF8F-32CCEA8DDA18}.Release|x64.ActiveCfg = Release|x64
		{602B53E6-FB46-4E24-BF8F-32CCEA8DDA18}.Release|x64.Build.0 = Release|x64
		{602B53E6-FB46-4E24-BF8F-32CCEA8DDA18}.Release|x86.ActiveCfg = Release|Win32
		{602B53E6-FB46-4E24-BF8F-32CCEA8DDA18}.Release|x86.Build.0 = Release|Win32
		{602B53E6-FB46-4E24-BF8F-32CCEA8DDA18}.Static|x64.ActiveCfg = Debug|x64
		{602B53E6-FB46-4E24-BF8F-32CCEA8DDA18}.Static|x64.Build.0 = Debug|x64
		{602B53E6-FB46-4E24-BF8F-32CCEA8DDA18}.Static|x86.ActiveCfg = Debug|Win32
		{602B53E6-FB46-4E24-BF8F-32CCEA8DDA18}.Static|x86.Build.0 = Debug|Win32
		{A7F0C9BA-292E-47D7-96EA-123AD9FADCEC}.Debug|x64.ActiveCfg = Debug|x64
		{A7F0C9BA-292E-47D7-96EA-123AD9FADCEC}.Debug|x64.Build.0 = Debug|x64
		{A7F0C9BA-292E-47D7-96EA-123AD9FADCEC}.Debug|x86.ActiveCfg = Debug|Win32
		{A7F0C9BA-292E-47D7-96EA-123AD9FADCEC}.Debug|x86.Build.0 = Debug|Win32
		{A7F0C9BA-292E-47D7-96EA-123AD9FADCEC}.Dynamic|x64.ActiveCfg = Debug|x64
		{A7F0C9BA-292E-47D7-96EA-123AD9FADCEC}.Dynamic|x64.Build.0 = Debug|x64
		{A7F0C9BA-292E-47D7-96EA-123AD9FADCEC}.Dynamic|x86.ActiveCfg = Debug|Win32
		{A7F0C9BA-292E-47D7-96EA-123AD9FADCEC}.Dynamic|x86.Build.0 = Debug|Win32
		{A7F0C9BA-292E-47D7-96EA-123AD9FADCEC}.Release|x64.ActiveCfg = Release|x64
		{A7F0C9BA-292E-47D7-96EA-123AD9FADCEC}.Release|x64.Build.0 = Release|x64
		{A7F0C9BA-292E-47D7-96EA-123AD9FADCEC}.Release|x86.ActiveCfg = Release|Win32
		{A7F0C9BA-292E-47D7-96EA-123AD9FADCEC}.Release|x86.Build.0 = Release|Win32
		{A7F0C9BA-292E-47D7-96EA-123AD9FADCEC}.Static|x64.ActiveCfg = Debug|x64
		{A7F0C9BA-292E-47D7-96EA-123AD9FADCEC}.Static|x64.Build.0 = Debug|x64
		{A7F0C9BA-292E-47D7-96EA-123AD9FADCEC}.Static|x86.ActiveCfg = Debug|Win32
		{A7F0C9BA-292E-47D7-96EA-123AD9FADCEC}.Static|x86.Build.0 = Debug|Win32
		{06AAB232-9EC7-41FC-A8B8-6FCC12F4E959}.Debug|x64.ActiveCfg = Debug|x64
		{06AAB232-9EC7-41FC-A8B8-6FCC12F4E959}.Debug|x64.Build.0 = Debug|x64
		{06AAB232-9EC7-41FC-A8B8-6FCC12F4E959}.Debug|x86.ActiveCfg = Debug|Win32
		{06AAB232-9EC7-41FC-A8B8-6FCC12F4E959}.Debug|x86.Build.0 = Debug|Win32
		{06AAB232-9EC7-41FC-A8B8-6FCC12F4E959}.Dynamic|x64.ActiveCfg = Debug|x64
		{06AAB232-9EC7-41FC-A8B8-6FCC12F4E959}.Dynamic|x64.Build.0 = Debug|x64
		{06AAB232-9EC7-41FC-A8B8-6FCC12F4E959}.Dynamic|x86.ActiveCfg = Debug|Win32
		{06AAB232-9EC7-41FC-A8B8-6FCC12F4E959}.Dynamic|x86.Build.0 = Debug|Win32
		{06AAB232-9EC7-41FC-A8B8-6FCC12F4E959}.Release|x64.ActiveCfg = Release|x64
		{06AAB232-9EC7-41FC-A8B8-6FCC12F4E959}.Release|x64.Build.0 = Release|x64
		{06AAB232-9EC7-41FC-A8B8-6FCC12F4E959}.Release|x86.ActiveCfg = Release|Win32
		{06AAB232-9EC7-41FC-A8B8-6FCC12F4E959}.Release|x86.Build.0 = Release|Win32
		{06AAB232-9EC7-41FC-A8B8-6FCC12F4E959}.Static|x64.ActiveCfg = Debug|x64
		{06AAB232-9EC7-41FC-A8B8-6FCC12F4E959}.Static|x64.Build.0 = Debug|x64
		{06AAB232-9EC7-41FC-A8B8-6FCC12F4E959}.Static|x86.ActiveCfg = Debug|Win32
		{06AAB232-9EC7-41FC-A8B8-6FCC12F4E959}.Static|x86.Build.0 = Debug|Win32
	EndGlobalSection
	GlobalSection(SolutionProperties) = preSolution
		HideSolutionNode = FALSE
	EndGlobalSection
	GlobalSection(ExtensibilityGlobals) = postSolution
		SolutionGuid = {49EEDEB6-7781-4835-9402-D872034E9B8B}
	EndGlobalSection
EndGlobal
